{
  "pins" : [
    {
      "identity" : "kingfisher",
      "kind" : "remoteSourceControl",
      "location" : "https://github.com/onevcat/Kingfisher.git",
      "state" : {
        "revision" : "b6f62758f21a8c03cd64f4009c037cfa580a256e",
        "version" : "7.9.1"
      }
    },
    {
      "identity" : "nicecomponents",
      "kind" : "remoteSourceControl",
      "location" : "https://github.com/steamclock/niceComponents.git",
      "state" : {
        "branch" : "main",
        "revision" : "254031ddbebf5d82452693071b35535a6e12514e"
      }
    },
    {
      "identity" : "sentry-cocoa",
      "kind" : "remoteSourceControl",
      "location" : "https://github.com/getsentry/sentry-cocoa",
      "state" : {
        "revision" : "c3c19e29f775ee95b77aa3168f3e2fd6c20deba6",
        "version" : "7.31.3"
      }
    },
    {
      "identity" : "steamclog-swift",
      "kind" : "remoteSourceControl",
      "location" : "https://github.com/steamclock/steamclog-swift.git",
      "state" : {
        "branch" : "master",
        "revision" : "985c4bb52112f261eb78206a5d542b7d1fc9b5ee"
      }
    },
    {
      "identity" : "xcglogger",
      "kind" : "remoteSourceControl",
      "location" : "https://github.com/DaveWoodCom/XCGLogger",
      "state" : {
        "revision" : "a9c4667b247928a29bdd41be2ec2c8d304215a54",
        "version" : "7.0.1"
      }
    }
  ],
  "version" : 2
}
