{
  "pins" : [
    {
      "identity" : "cwlcatchexception",
      "kind" : "remoteSourceControl",
      "location" : "https://github.com/mattgallagher/CwlCatchException.git",
      "state" : {
        "revision" : "35f9e770f54ce62dd8526470f14c6e137cef3eea",
        "version" : "2.1.1"
      }
    },
    {
      "identity" : "cwlpreconditiontesting",
      "kind" : "remoteSourceControl",
      "location" : "https://github.com/mattgallagher/CwlPreconditionTesting.git",
      "state" : {
        "revision" : "c21f7bab5ca8eee0a9998bbd17ca1d0eb45d4688",
        "version" : "2.1.0"
      }
    },
    {
      "identity" : "factory-bird",
      "kind" : "remoteSourceControl",
      "location" : "git@github.com:steamclock/factory-bird.git",
      "state" : {
        "branch" : "main",
        "revision" : "1bf791d55bf5a98736839e3f0fd39c18d021ab22"
      }
    },
    {
      "identity" : "kingfisher",
      "kind" : "remoteSourceControl",
      "location" : "https://github.com/onevcat/Kingfisher.git",
      "state" : {
        "revision" : "017f94ccfdacabb1ae7f45b75b4217b24c06e6ac",
        "version" : "7.4.0"
      }
    },
    {
      "identity" : "netable",
      "kind" : "remoteSourceControl",
      "location" : "https://github.com/steamclock/netable.git",
      "state" : {
        "branch" : "master",
        "revision" : "82e115862bbb97ca1229b68ea543f994b602ade2"
      }
    },
    {
      "identity" : "nice_components",
      "kind" : "remoteSourceControl",
      "location" : "https://github.com/steamclock/nice_components.git",
      "state" : {
        "branch" : "main",
        "revision" : "258a2956a60576cd302c01c58c954a8aefa00788"
      }
    },
    {
      "identity" : "nimble",
      "kind" : "remoteSourceControl",
      "location" : "https://github.com/Quick/Nimble",
      "state" : {
        "branch" : "main",
        "revision" : "b7f6c49acdb247e3158198c5448b38c3cc595533"
      }
    },
    {
      "identity" : "quick",
      "kind" : "remoteSourceControl",
      "location" : "https://github.com/Quick/Quick.git",
      "state" : {
        "branch" : "main",
        "revision" : "df7cbda58fea600a40ba04113b6a5aeff1e4bae4"
      }
    },
    {
      "identity" : "sentry-cocoa",
      "kind" : "remoteSourceControl",
      "location" : "https://github.com/getsentry/sentry-cocoa",
      "state" : {
        "revision" : "3441e8f9be290edcc7be57c93a1c128c1a787c2a",
        "version" : "7.27.1"
      }
    },
    {
      "identity" : "steamclog-swift",
      "kind" : "remoteSourceControl",
      "location" : "https://github.com/steamclock/steamclog-swift.git",
      "state" : {
        "branch" : "master",
        "revision" : "985c4bb52112f261eb78206a5d542b7d1fc9b5ee"
      }
    },
    {
      "identity" : "xcglogger",
      "kind" : "remoteSourceControl",
      "location" : "https://github.com/DaveWoodCom/XCGLogger",
      "state" : {
        "revision" : "a9c4667b247928a29bdd41be2ec2c8d304215a54",
        "version" : "7.0.1"
      }
    }
  ],
  "version" : 2
}
