{
  "pins" : [
    {
      "identity" : "kingfisher",
      "kind" : "remoteSourceControl",
      "location" : "https://github.com/onevcat/Kingfisher.git",
      "state" : {
        "revision" : "b6f62758f21a8c03cd64f4009c037cfa580a256e",
        "version" : "7.9.1"
      }
    },
    {
      "identity" : "netable",
      "kind" : "remoteSourceControl",
      "location" : "git@github.com:steamclock/netable.git",
      "state" : {
        "revision" : "d1dc982cd6a0ec0db37e6d3873069f929422c074",
        "version" : "2.3.0"
      }
    },
    {
      "identity" : "nicecomponents",
      "kind" : "remoteSourceControl",
      "location" : "https://github.com/steamclock/niceComponents.git",
      "state" : {
        "branch" : "main",
        "revision" : "254031ddbebf5d82452693071b35535a6e12514e"
      }
    },
    {
      "identity" : "sentry-cocoa",
      "kind" : "remoteSourceControl",
      "location" : "https://github.com/getsentry/sentry-cocoa",
      "state" : {
        "revision" : "14aa6e47b03b820fd2b338728637570b9e969994",
        "version" : "8.12.0"
      }
    },
    {
      "identity" : "steamclog-swift",
      "kind" : "remoteSourceControl",
      "location" : "https://github.com/steamclock/steamclog-swift.git",
      "state" : {
        "branch" : "master",
        "revision" : "fb60ecce1543c8ed971b91eda25b7c5a1b1908aa"
      }
    },
    {
      "identity" : "xcglogger",
      "kind" : "remoteSourceControl",
      "location" : "https://github.com/DaveWoodCom/XCGLogger",
      "state" : {
        "revision" : "a9c4667b247928a29bdd41be2ec2c8d304215a54",
        "version" : "7.0.1"
      }
    }
  ],
  "version" : 2
}
