{
  "pins" : [
    {
      "identity" : "kingfisher",
      "kind" : "remoteSourceControl",
      "location" : "https://github.com/onevcat/Kingfisher.git",
      "state" : {
        "revision" : "c1f60c63f356d364f4284ba82961acbe7de79bcc",
        "version" : "7.8.1"
      }
    },
    {
      "identity" : "netable",
      "kind" : "remoteSourceControl",
      "location" : "https://github.com/steamclock/netable.git",
      "state" : {
        "branch" : "master",
        "revision" : "96623a3dce12c463ecc249442a0b4ecb6c87e16d"
      }
    },
    {
      "identity" : "nice_components",
      "kind" : "remoteSourceControl",
      "location" : "https://github.com/steamclock/nice_components.git",
      "state" : {
        "branch" : "main",
        "revision" : "254031ddbebf5d82452693071b35535a6e12514e"
      }
    },
    {
      "identity" : "sentry-cocoa",
      "kind" : "remoteSourceControl",
      "location" : "https://github.com/getsentry/sentry-cocoa",
      "state" : {
        "revision" : "225c0296baecebe9219e3e85a99135169c167eb5",
        "version" : "8.9.2"
      }
    },
    {
      "identity" : "steamclog-swift",
      "kind" : "remoteSourceControl",
      "location" : "https://github.com/steamclock/steamclog-swift.git",
      "state" : {
        "branch" : "master",
        "revision" : "390ed278e4de3e4181a03ff4e6ba5e43e510b01f"
      }
    },
    {
      "identity" : "xcglogger",
      "kind" : "remoteSourceControl",
      "location" : "https://github.com/DaveWoodCom/XCGLogger",
      "state" : {
        "revision" : "a9c4667b247928a29bdd41be2ec2c8d304215a54",
        "version" : "7.0.1"
      }
    }
  ],
  "version" : 2
}
